
Microsoft Visual Studio Solution File, Format Version 12.00
# Visual Studio Version 16
VisualStudioVersion = 16.0.30804.86
MinimumVisualStudioVersion = 10.0.40219.1
Project("{FAE04EC0-301F-11D3-BF4B-00C04F79EFBC}") = "CommandCalculator", "CommandCalculator\CommandCalculator.csproj", "{B14214ED-C4E1-424A-8FC2-EA8DF0FA355B}"
EndProject
Global
	GlobalSection(SolutionConfigurationPlatforms) = preSolution
		Debug|Any CPU = Debug|Any CPU
		Release|Any CPU = Release|Any CPU
	EndGlobalSection
	GlobalSection(ProjectConfigurationPlatforms) = postSolution
		{B14214ED-C4E1-424A-8FC2-EA8DF0FA355B}.Debug|Any CPU.ActiveCfg = Debug|Any CPU
		{B14214ED-C4E1-424A-8FC2-EA8DF0FA355B}.Debug|Any CPU.Build.0 = Debug|Any CPU
		{B14214ED-C4E1-424A-8FC2-EA8DF0FA355B}.Release|Any CPU.ActiveCfg = Release|Any CPU
		{B14214ED-C4E1-424A-8FC2-EA8DF0FA355B}.Release|Any CPU.Build.0 = Release|Any CPU
	EndGlobalSection
	GlobalSection(SolutionProperties) = preSolution
		HideSolutionNode = FALSE
	EndGlobalSection
	GlobalSection(ExtensibilityGlobals) = postSolution
		SolutionGuid = {B01023F5-E5E8-4F57-9BD6-13FD9DCDB979}
	EndGlobalSection
EndGlobal
